// !$*UTF8*$!
{
	archiveVersion = 1;
	classes = {
	};
	objectVersion = 50;
	objects = {

/* Begin PBXBuildFile section */
		A47B333A9A5664203D15F7E4 /* Pods_eWelfare.framework in Frameworks */ = {isa = PBXBuildFile; fileRef = 3FCE1BFD933EFD3F2FF107AC /* Pods_eWelfare.framework */; };
		D4001D01221C1D6F00080EB2 /* AppDelegate.swift in Sources */ = {isa = PBXBuildFile; fileRef = D4001D00221C1D6F00080EB2 /* AppDelegate.swift */; };
		D4001D03221C1D6F00080EB2 /* MainVController.swift in Sources */ = {isa = PBXBuildFile; fileRef = D4001D02221C1D6F00080EB2 /* MainVController.swift */; };
		D4001D06221C1D6F00080EB2 /* Main.storyboard in Resources */ = {isa = PBXBuildFile; fileRef = D4001D04221C1D6F00080EB2 /* Main.storyboard */; };
		D4001D08221C1D7100080EB2 /* Assets.xcassets in Resources */ = {isa = PBXBuildFile; fileRef = D4001D07221C1D7100080EB2 /* Assets.xcassets */; };
		D4001D0B221C1D7100080EB2 /* LaunchScreen.storyboard in Resources */ = {isa = PBXBuildFile; fileRef = D4001D09221C1D7100080EB2 /* LaunchScreen.storyboard */; };
		D4001D15221C1DF300080EB2 /* WDefine.swift in Sources */ = {isa = PBXBuildFile; fileRef = D4001D14221C1DF300080EB2 /* WDefine.swift */; };
		D4001D19221C1E2300080EB2 /* BaseVController.swift in Sources */ = {isa = PBXBuildFile; fileRef = D4001D18221C1E2300080EB2 /* BaseVController.swift */; };
		D4001D1B221C1E7B00080EB2 /* AppManager.swift in Sources */ = {isa = PBXBuildFile; fileRef = D4001D1A221C1E7B00080EB2 /* AppManager.swift */; };
		D4001D1D221C1E8600080EB2 /* AccountManager.swift in Sources */ = {isa = PBXBuildFile; fileRef = D4001D1C221C1E8600080EB2 /* AccountManager.swift */; };
		D4001D1F221C1EDB00080EB2 /* MainModel.swift in Sources */ = {isa = PBXBuildFile; fileRef = D4001D1E221C1EDB00080EB2 /* MainModel.swift */; };
		D4001D21221C1EE600080EB2 /* MainPresenter.swift in Sources */ = {isa = PBXBuildFile; fileRef = D4001D20221C1EE600080EB2 /* MainPresenter.swift */; };
		D4001D25221C207B00080EB2 /* GoogleService-Info.plist in Resources */ = {isa = PBXBuildFile; fileRef = D4001D24221C207B00080EB2 /* GoogleService-Info.plist */; };
		D4001D29221C26ED00080EB2 /* OtherWebVController.swift in Sources */ = {isa = PBXBuildFile; fileRef = D4001D28221C26ED00080EB2 /* OtherWebVController.swift */; };
		D4001D39221CDD7300080EB2 /* AlamofireHelper.swift in Sources */ = {isa = PBXBuildFile; fileRef = D4001D38221CDD7300080EB2 /* AlamofireHelper.swift */; };
		D405FC4B225DA59900FBCB58 /* ResUser.swift in Sources */ = {isa = PBXBuildFile; fileRef = D405FC4A225DA59900FBCB58 /* ResUser.swift */; };
		D405FC4D225DA5A300FBCB58 /* ResMenu.swift in Sources */ = {isa = PBXBuildFile; fileRef = D405FC4C225DA5A300FBCB58 /* ResMenu.swift */; };
		D405FC50225DA7CE00FBCB58 /* SideMenuVController.swift in Sources */ = {isa = PBXBuildFile; fileRef = D405FC4F225DA7CE00FBCB58 /* SideMenuVController.swift */; };
		D405FC6E225EE81700FBCB58 /* ImageLoadingPopup.xib in Resources */ = {isa = PBXBuildFile; fileRef = D405FC6D225EE81700FBCB58 /* ImageLoadingPopup.xib */; };
		D405FC70225EE83700FBCB58 /* ImageLoadingPopup.swift in Sources */ = {isa = PBXBuildFile; fileRef = D405FC6F225EE83700FBCB58 /* ImageLoadingPopup.swift */; };
		D427479F2278656500B2F7F1 /* SideMenuProtocol.swift in Sources */ = {isa = PBXBuildFile; fileRef = D427479E2278656500B2F7F1 /* SideMenuProtocol.swift */; };
		D4ACABA222DEE7D800212AD5 /* splash@2x.png in Resources */ = {isa = PBXBuildFile; fileRef = D4ACAB9F22DEE7D800212AD5 /* splash@2x.png */; };
		D4ACABA322DEE7D800212AD5 /* splash@3x.png in Resources */ = {isa = PBXBuildFile; fileRef = D4ACABA022DEE7D800212AD5 /* splash@3x.png */; };
		D4ACABA422DEE7D800212AD5 /* splash@1x.png in Resources */ = {isa = PBXBuildFile; fileRef = D4ACABA122DEE7D800212AD5 /* splash@1x.png */; };
		D4B99B5B22640E21008EDD98 /* SideMenuCollectionVCell.swift in Sources */ = {isa = PBXBuildFile; fileRef = D4B99B5A22640E21008EDD98 /* SideMenuCollectionVCell.swift */; };
		D4B99B6C22644A8B008EDD98 /* SideMenuCollectionRView.swift in Sources */ = {isa = PBXBuildFile; fileRef = D4B99B6B22644A8B008EDD98 /* SideMenuCollectionRView.swift */; };
		D4C433FF22561BA20042AD1F /* SplashVController.swift in Sources */ = {isa = PBXBuildFile; fileRef = D4C433FE22561BA20042AD1F /* SplashVController.swift */; };
		D4C4340122561CBE0042AD1F /* ResResult.swift in Sources */ = {isa = PBXBuildFile; fileRef = D4C4340022561CBE0042AD1F /* ResResult.swift */; };
		D4C4340322561CDA0042AD1F /* ResLogin.swift in Sources */ = {isa = PBXBuildFile; fileRef = D4C4340222561CDA0042AD1F /* ResLogin.swift */; };
		D4C4340522561CFA0042AD1F /* ResConfig.swift in Sources */ = {isa = PBXBuildFile; fileRef = D4C4340422561CFA0042AD1F /* ResConfig.swift */; };
		D4C4340822561D490042AD1F /* ExtAlert.swift in Sources */ = {isa = PBXBuildFile; fileRef = D4C4340722561D490042AD1F /* ExtAlert.swift */; };
		D4C4340A22561D7B0042AD1F /* UIViewHelper.swift in Sources */ = {isa = PBXBuildFile; fileRef = D4C4340922561D7B0042AD1F /* UIViewHelper.swift */; };
		D4C4340C22561D970042AD1F /* ValidHelper.swift in Sources */ = {isa = PBXBuildFile; fileRef = D4C4340B22561D970042AD1F /* ValidHelper.swift */; };
		D4C4340F2256214B0042AD1F /* LoginVController.swift in Sources */ = {isa = PBXBuildFile; fileRef = D4C4340E2256214B0042AD1F /* LoginVController.swift */; };
		D4C82383222528AE001A2DC8 /* FcmHelper.swift in Sources */ = {isa = PBXBuildFile; fileRef = D4C82382222528AE001A2DC8 /* FcmHelper.swift */; };
		D4DC76C2229D3E1800649F0A /* AddressWebVController.swift in Sources */ = {isa = PBXBuildFile; fileRef = D4DC76C1229D3E1800649F0A /* AddressWebVController.swift */; };
		D4DC76D2229F693100649F0A /* image_loading.gif in Resources */ = {isa = PBXBuildFile; fileRef = D4DC76D1229F693100649F0A /* image_loading.gif */; };
		D4DD19F82255218E006FAF33 /* SettingVController.swift in Sources */ = {isa = PBXBuildFile; fileRef = D4DD19F72255218E006FAF33 /* SettingVController.swift */; };
		D4EB8ACA226998AD006E8DC5 /* btn_pic@3x.png in Resources */ = {isa = PBXBuildFile; fileRef = D4EB8A79226998A2006E8DC5 /* btn_pic@3x.png */; };
		D4EB8ACB226998AD006E8DC5 /* image_loading_2.png in Resources */ = {isa = PBXBuildFile; fileRef = D4EB8A7A226998A2006E8DC5 /* image_loading_2.png */; };
		D4EB8ACC226998AD006E8DC5 /* btn_point_view.png in Resources */ = {isa = PBXBuildFile; fileRef = D4EB8A7B226998A2006E8DC5 /* btn_point_view.png */; };
		D4EB8ACD226998AD006E8DC5 /* btn_point_view@2x.png in Resources */ = {isa = PBXBuildFile; fileRef = D4EB8A7C226998A2006E8DC5 /* btn_point_view@2x.png */; };
		D4EB8ACE226998AD006E8DC5 /* icon_coupon@2x.png in Resources */ = {isa = PBXBuildFile; fileRef = D4EB8A7D226998A2006E8DC5 /* icon_coupon@2x.png */; };
		D4EB8ACF226998AD006E8DC5 /* logo@2x.png in Resources */ = {isa = PBXBuildFile; fileRef = D4EB8A7E226998A2006E8DC5 /* logo@2x.png */; };
		D4EB8AD0226998AD006E8DC5 /* icon_cart@3x.png in Resources */ = {isa = PBXBuildFile; fileRef = D4EB8A7F226998A2006E8DC5 /* icon_cart@3x.png */; };
		D4EB8AD1226998AD006E8DC5 /* btn_logout@3x.png in Resources */ = {isa = PBXBuildFile; fileRef = D4EB8A80226998A3006E8DC5 /* btn_logout@3x.png */; };
		D4EB8AD2226998AD006E8DC5 /* btn_update@2x.png in Resources */ = {isa = PBXBuildFile; fileRef = D4EB8A81226998A3006E8DC5 /* btn_update@2x.png */; };
		D4EB8AD3226998AD006E8DC5 /* image_loading_3.png in Resources */ = {isa = PBXBuildFile; fileRef = D4EB8A82226998A3006E8DC5 /* image_loading_3.png */; };
		D4EB8AD4226998AD006E8DC5 /* btn_alarm.png in Resources */ = {isa = PBXBuildFile; fileRef = D4EB8A83226998A3006E8DC5 /* btn_alarm.png */; };
		D4EB8AD5226998AD006E8DC5 /* btn_pic@2x.png in Resources */ = {isa = PBXBuildFile; fileRef = D4EB8A84226998A3006E8DC5 /* btn_pic@2x.png */; };
		D4EB8AD6226998AD006E8DC5 /* icon_cart.png in Resources */ = {isa = PBXBuildFile; fileRef = D4EB8A85226998A3006E8DC5 /* icon_cart.png */; };
		D4EB8AD7226998AD006E8DC5 /* btn_alarm@3x.png in Resources */ = {isa = PBXBuildFile; fileRef = D4EB8A86226998A3006E8DC5 /* btn_alarm@3x.png */; };
		D4EB8AD8226998AD006E8DC5 /* icon_recent.png in Resources */ = {isa = PBXBuildFile; fileRef = D4EB8A87226998A3006E8DC5 /* icon_recent.png */; };
		D4EB8AD9226998AD006E8DC5 /* btn_titlebar_search@2x.png in Resources */ = {isa = PBXBuildFile; fileRef = D4EB8A88226998A3006E8DC5 /* btn_titlebar_search@2x.png */; };
		D4EB8ADA226998AD006E8DC5 /* icon_coupon.png in Resources */ = {isa = PBXBuildFile; fileRef = D4EB8A89226998A3006E8DC5 /* icon_coupon.png */; };
		D4EB8ADB226998AD006E8DC5 /* btn_custom@3x.png in Resources */ = {isa = PBXBuildFile; fileRef = D4EB8A8A226998A3006E8DC5 /* btn_custom@3x.png */; };
		D4EB8ADC226998AD006E8DC5 /* icon_order_list.png in Resources */ = {isa = PBXBuildFile; fileRef = D4EB8A8B226998A3006E8DC5 /* icon_order_list.png */; };
		D4EB8ADD226998AD006E8DC5 /* titleCancleIcon@3x.png in Resources */ = {isa = PBXBuildFile; fileRef = D4EB8A8C226998A3006E8DC5 /* titleCancleIcon@3x.png */; };
		D4EB8ADE226998AD006E8DC5 /* btn_logout@2x.png in Resources */ = {isa = PBXBuildFile; fileRef = D4EB8A8D226998A3006E8DC5 /* btn_logout@2x.png */; };
		D4EB8ADF226998AD006E8DC5 /* check_on.png in Resources */ = {isa = PBXBuildFile; fileRef = D4EB8A8E226998A3006E8DC5 /* check_on.png */; };
		D4EB8AE0226998AD006E8DC5 /* landing.png in Resources */ = {isa = PBXBuildFile; fileRef = D4EB8A8F226998A3006E8DC5 /* landing.png */; };
		D4EB8AE1226998AD006E8DC5 /* btn_logout.png in Resources */ = {isa = PBXBuildFile; fileRef = D4EB8A90226998A4006E8DC5 /* btn_logout.png */; };
		D4EB8AE2226998AD006E8DC5 /* check_off@2x.png in Resources */ = {isa = PBXBuildFile; fileRef = D4EB8A91226998A4006E8DC5 /* check_off@2x.png */; };
		D4EB8AE3226998AD006E8DC5 /* icon_lock@2x.png in Resources */ = {isa = PBXBuildFile; fileRef = D4EB8A92226998A4006E8DC5 /* icon_lock@2x.png */; };
		D4EB8AE4226998AD006E8DC5 /* icon_recent@2x.png in Resources */ = {isa = PBXBuildFile; fileRef = D4EB8A93226998A4006E8DC5 /* icon_recent@2x.png */; };
		D4EB8AE5226998AD006E8DC5 /* logo@3x.png in Resources */ = {isa = PBXBuildFile; fileRef = D4EB8A94226998A4006E8DC5 /* logo@3x.png */; };
		D4EB8AE6226998AD006E8DC5 /* icon_lock@3x.png in Resources */ = {isa = PBXBuildFile; fileRef = D4EB8A95226998A4006E8DC5 /* icon_lock@3x.png */; };
		D4EB8AE7226998AD006E8DC5 /* icon_order_list@3x.png in Resources */ = {isa = PBXBuildFile; fileRef = D4EB8A96226998A4006E8DC5 /* icon_order_list@3x.png */; };
		D4EB8AE8226998AD006E8DC5 /* check_off@3x.png in Resources */ = {isa = PBXBuildFile; fileRef = D4EB8A97226998A4006E8DC5 /* check_off@3x.png */; };
		D4EB8AE9226998AD006E8DC5 /* btn_cscenter@3x.png in Resources */ = {isa = PBXBuildFile; fileRef = D4EB8A98226998A4006E8DC5 /* btn_cscenter@3x.png */; };
		D4EB8AEA226998AD006E8DC5 /* titleBackBitton@2x.png in Resources */ = {isa = PBXBuildFile; fileRef = D4EB8A99226998A4006E8DC5 /* titleBackBitton@2x.png */; };
		D4EB8AEB226998AD006E8DC5 /* btn_setup@3x.png in Resources */ = {isa = PBXBuildFile; fileRef = D4EB8A9A226998A4006E8DC5 /* btn_setup@3x.png */; };
		D4EB8AEC226998AD006E8DC5 /* btn_pic.png in Resources */ = {isa = PBXBuildFile; fileRef = D4EB8A9B226998A4006E8DC5 /* btn_pic.png */; };
		D4EB8AED226998AD006E8DC5 /* btn_close@2x.png in Resources */ = {isa = PBXBuildFile; fileRef = D4EB8A9C226998A4006E8DC5 /* btn_close@2x.png */; };
		D4EB8AEE226998AD006E8DC5 /* btn_titlebar_search.png in Resources */ = {isa = PBXBuildFile; fileRef = D4EB8A9D226998A5006E8DC5 /* btn_titlebar_search.png */; };
		D4EB8AEF226998AD006E8DC5 /* icon_cart@2x.png in Resources */ = {isa = PBXBuildFile; fileRef = D4EB8A9E226998A5006E8DC5 /* icon_cart@2x.png */; };
		D4EB8AF0226998AD006E8DC5 /* btn_titlebar_sidemenu.png in Resources */ = {isa = PBXBuildFile; fileRef = D4EB8A9F226998A5006E8DC5 /* btn_titlebar_sidemenu.png */; };
		D4EB8AF1226998AD006E8DC5 /* btn_custom@2x.png in Resources */ = {isa = PBXBuildFile; fileRef = D4EB8AA0226998A5006E8DC5 /* btn_custom@2x.png */; };
		D4EB8AF2226998AD006E8DC5 /* btn_cscenter.png in Resources */ = {isa = PBXBuildFile; fileRef = D4EB8AA1226998A5006E8DC5 /* btn_cscenter.png */; };
		D4EB8AF3226998AD006E8DC5 /* check_on@2x.png in Resources */ = {isa = PBXBuildFile; fileRef = D4EB8AA2226998A5006E8DC5 /* check_on@2x.png */; };
		D4EB8AF4226998AD006E8DC5 /* landing@3x.png in Resources */ = {isa = PBXBuildFile; fileRef = D4EB8AA3226998A5006E8DC5 /* landing@3x.png */; };
		D4EB8AF5226998AD006E8DC5 /* logo.png in Resources */ = {isa = PBXBuildFile; fileRef = D4EB8AA4226998A5006E8DC5 /* logo.png */; };
		D4EB8AF6226998AD006E8DC5 /* btn_titlebar_search@3x.png in Resources */ = {isa = PBXBuildFile; fileRef = D4EB8AA5226998A5006E8DC5 /* btn_titlebar_search@3x.png */; };
		D4EB8AF7226998AD006E8DC5 /* btn_titlebar_back@2x.png in Resources */ = {isa = PBXBuildFile; fileRef = D4EB8AA6226998A5006E8DC5 /* btn_titlebar_back@2x.png */; };
		D4EB8AF8226998AD006E8DC5 /* btn_close.png in Resources */ = {isa = PBXBuildFile; fileRef = D4EB8AA7226998A5006E8DC5 /* btn_close.png */; };
		D4EB8AF9226998AD006E8DC5 /* titleCancleIcon@2x.png in Resources */ = {isa = PBXBuildFile; fileRef = D4EB8AA8226998A5006E8DC5 /* titleCancleIcon@2x.png */; };
		D4EB8AFA226998AD006E8DC5 /* icon_send_right@3x.png in Resources */ = {isa = PBXBuildFile; fileRef = D4EB8AA9226998A6006E8DC5 /* icon_send_right@3x.png */; };
		D4EB8AFB226998AD006E8DC5 /* btn_setup.png in Resources */ = {isa = PBXBuildFile; fileRef = D4EB8AAA226998A6006E8DC5 /* btn_setup.png */; };
		D4EB8AFC226998AD006E8DC5 /* titleBackBitton.png in Resources */ = {isa = PBXBuildFile; fileRef = D4EB8AAB226998A6006E8DC5 /* titleBackBitton.png */; };
		D4EB8AFD226998AD006E8DC5 /* btn_titlebar_home.png in Resources */ = {isa = PBXBuildFile; fileRef = D4EB8AAC226998A6006E8DC5 /* btn_titlebar_home.png */; };
		D4EB8AFE226998AD006E8DC5 /* btn_point_view@3x.png in Resources */ = {isa = PBXBuildFile; fileRef = D4EB8AAD226998A6006E8DC5 /* btn_point_view@3x.png */; };
		D4EB8AFF226998AD006E8DC5 /* btn_titlebar_sidemenu@3x.png in Resources */ = {isa = PBXBuildFile; fileRef = D4EB8AAE226998A6006E8DC5 /* btn_titlebar_sidemenu@3x.png */; };
		D4EB8B00226998AD006E8DC5 /* icon_coupon@3x.png in Resources */ = {isa = PBXBuildFile; fileRef = D4EB8AAF226998A6006E8DC5 /* icon_coupon@3x.png */; };
		D4EB8B01226998AD006E8DC5 /* icon_order_list@2x.png in Resources */ = {isa = PBXBuildFile; fileRef = D4EB8AB0226998A6006E8DC5 /* icon_order_list@2x.png */; };
		D4EB8B02226998AD006E8DC5 /* check_off.png in Resources */ = {isa = PBXBuildFile; fileRef = D4EB8AB1226998A6006E8DC5 /* check_off.png */; };
		D4EB8B03226998AD006E8DC5 /* icon_send_right.png in Resources */ = {isa = PBXBuildFile; fileRef = D4EB8AB2226998A6006E8DC5 /* icon_send_right.png */; };
		D4EB8B04226998AD006E8DC5 /* my_pic_x2.png in Resources */ = {isa = PBXBuildFile; fileRef = D4EB8AB3226998A6006E8DC5 /* my_pic_x2.png */; };
		D4EB8B05226998AD006E8DC5 /* btn_titlebar_home@3x.png in Resources */ = {isa = PBXBuildFile; fileRef = D4EB8AB4226998A6006E8DC5 /* btn_titlebar_home@3x.png */; };
		D4EB8B06226998AD006E8DC5 /* my_pic.png in Resources */ = {isa = PBXBuildFile; fileRef = D4EB8AB5226998A7006E8DC5 /* my_pic.png */; };
		D4EB8B07226998AD006E8DC5 /* titleCancleIcon.png in Resources */ = {isa = PBXBuildFile; fileRef = D4EB8AB6226998A7006E8DC5 /* titleCancleIcon.png */; };
		D4EB8B08226998AD006E8DC5 /* btn_close@3x.png in Resources */ = {isa = PBXBuildFile; fileRef = D4EB8AB7226998A7006E8DC5 /* btn_close@3x.png */; };
		D4EB8B09226998AD006E8DC5 /* btn_update@3x.png in Resources */ = {isa = PBXBuildFile; fileRef = D4EB8AB8226998A7006E8DC5 /* btn_update@3x.png */; };
		D4EB8B0A226998AD006E8DC5 /* btn_titlebar_back.png in Resources */ = {isa = PBXBuildFile; fileRef = D4EB8AB9226998A7006E8DC5 /* btn_titlebar_back.png */; };
		D4EB8B0B226998AD006E8DC5 /* icon_send_right@2x.png in Resources */ = {isa = PBXBuildFile; fileRef = D4EB8ABA226998A7006E8DC5 /* icon_send_right@2x.png */; };
		D4EB8B0C226998AD006E8DC5 /* landing@2x.png in Resources */ = {isa = PBXBuildFile; fileRef = D4EB8ABB226998A7006E8DC5 /* landing@2x.png */; };
		D4EB8B0D226998AD006E8DC5 /* icon_lock.png in Resources */ = {isa = PBXBuildFile; fileRef = D4EB8ABC226998A7006E8DC5 /* icon_lock.png */; };
		D4EB8B0E226998AD006E8DC5 /* image_loading_1.png in Resources */ = {isa = PBXBuildFile; fileRef = D4EB8ABD226998A7006E8DC5 /* image_loading_1.png */; };
		D4EB8B0F226998AD006E8DC5 /* titleBackBitton@3x.png in Resources */ = {isa = PBXBuildFile; fileRef = D4EB8ABE226998A7006E8DC5 /* titleBackBitton@3x.png */; };
		D4EB8B10226998AD006E8DC5 /* btn_custom.png in Resources */ = {isa = PBXBuildFile; fileRef = D4EB8ABF226998A7006E8DC5 /* btn_custom.png */; };
		D4EB8B11226998AD006E8DC5 /* check_on@3x.png in Resources */ = {isa = PBXBuildFile; fileRef = D4EB8AC0226998A7006E8DC5 /* check_on@3x.png */; };
		D4EB8B12226998AD006E8DC5 /* my_pic_x3.png in Resources */ = {isa = PBXBuildFile; fileRef = D4EB8AC1226998A8006E8DC5 /* my_pic_x3.png */; };
		D4EB8B13226998AD006E8DC5 /* btn_cscenter@2x.png in Resources */ = {isa = PBXBuildFile; fileRef = D4EB8AC2226998A8006E8DC5 /* btn_cscenter@2x.png */; };
		D4EB8B14226998AD006E8DC5 /* btn_alarm@2x.png in Resources */ = {isa = PBXBuildFile; fileRef = D4EB8AC3226998A8006E8DC5 /* btn_alarm@2x.png */; };
		D4EB8B15226998AD006E8DC5 /* btn_setup@2x.png in Resources */ = {isa = PBXBuildFile; fileRef = D4EB8AC4226998AC006E8DC5 /* btn_setup@2x.png */; };
		D4EB8B16226998AD006E8DC5 /* btn_update.png in Resources */ = {isa = PBXBuildFile; fileRef = D4EB8AC5226998AC006E8DC5 /* btn_update.png */; };
		D4EB8B17226998AD006E8DC5 /* btn_titlebar_home@2x.png in Resources */ = {isa = PBXBuildFile; fileRef = D4EB8AC6226998AC006E8DC5 /* btn_titlebar_home@2x.png */; };
		D4EB8B18226998AD006E8DC5 /* btn_titlebar_sidemenu@2x.png in Resources */ = {isa = PBXBuildFile; fileRef = D4EB8AC7226998AC006E8DC5 /* btn_titlebar_sidemenu@2x.png */; };
		D4EB8B19226998AD006E8DC5 /* icon_recent@3x.png in Resources */ = {isa = PBXBuildFile; fileRef = D4EB8AC8226998AC006E8DC5 /* icon_recent@3x.png */; };
		D4EB8B1A226998AD006E8DC5 /* btn_titlebar_back@3x.png in Resources */ = {isa = PBXBuildFile; fileRef = D4EB8AC9226998AC006E8DC5 /* btn_titlebar_back@3x.png */; };
/* End PBXBuildFile section */

/* Begin PBXFileReference section */
		3D285EA7314C338D1CCA6358 /* Pods-eWelfare.release.xcconfig */ = {isa = PBXFileReference; includeInIndex = 1; lastKnownFileType = text.xcconfig; name = "Pods-eWelfare.release.xcconfig"; path = "Pods/Target Support Files/Pods-eWelfare/Pods-eWelfare.release.xcconfig"; sourceTree = "<group>"; };
		3FCE1BFD933EFD3F2FF107AC /* Pods_eWelfare.framework */ = {isa = PBXFileReference; explicitFileType = wrapper.framework; includeInIndex = 0; path = Pods_eWelfare.framework; sourceTree = BUILT_PRODUCTS_DIR; };
		D4001CFD221C1D6F00080EB2 /* eWelfare.app */ = {isa = PBXFileReference; explicitFileType = wrapper.application; includeInIndex = 0; path = eWelfare.app; sourceTree = BUILT_PRODUCTS_DIR; };
		D4001D00221C1D6F00080EB2 /* AppDelegate.swift */ = {isa = PBXFileReference; lastKnownFileType = sourcecode.swift; path = AppDelegate.swift; sourceTree = "<group>"; };
		D4001D02221C1D6F00080EB2 /* MainVController.swift */ = {isa = PBXFileReference; lastKnownFileType = sourcecode.swift; path = MainVController.swift; sourceTree = "<group>"; };
		D4001D05221C1D6F00080EB2 /* Base */ = {isa = PBXFileReference; lastKnownFileType = file.storyboard; name = Base; path = Base.lproj/Main.storyboard; sourceTree = "<group>"; };
		D4001D07221C1D7100080EB2 /* Assets.xcassets */ = {isa = PBXFileReference; lastKnownFileType = folder.assetcatalog; path = Assets.xcassets; sourceTree = "<group>"; };
		D4001D0A221C1D7100080EB2 /* Base */ = {isa = PBXFileReference; lastKnownFileType = file.storyboard; name = Base; path = Base.lproj/LaunchScreen.storyboard; sourceTree = "<group>"; };
		D4001D0C221C1D7100080EB2 /* Info.plist */ = {isa = PBXFileReference; lastKnownFileType = text.plist.xml; path = Info.plist; sourceTree = "<group>"; };
		D4001D14221C1DF300080EB2 /* WDefine.swift */ = {isa = PBXFileReference; lastKnownFileType = sourcecode.swift; path = WDefine.swift; sourceTree = "<group>"; };
		D4001D18221C1E2300080EB2 /* BaseVController.swift */ = {isa = PBXFileReference; lastKnownFileType = sourcecode.swift; path = BaseVController.swift; sourceTree = "<group>"; };
		D4001D1A221C1E7B00080EB2 /* AppManager.swift */ = {isa = PBXFileReference; lastKnownFileType = sourcecode.swift; path = AppManager.swift; sourceTree = "<group>"; };
		D4001D1C221C1E8600080EB2 /* AccountManager.swift */ = {isa = PBXFileReference; lastKnownFileType = sourcecode.swift; path = AccountManager.swift; sourceTree = "<group>"; };
		D4001D1E221C1EDB00080EB2 /* MainModel.swift */ = {isa = PBXFileReference; lastKnownFileType = sourcecode.swift; path = MainModel.swift; sourceTree = "<group>"; };
		D4001D20221C1EE600080EB2 /* MainPresenter.swift */ = {isa = PBXFileReference; lastKnownFileType = sourcecode.swift; path = MainPresenter.swift; sourceTree = "<group>"; };
		D4001D24221C207B00080EB2 /* GoogleService-Info.plist */ = {isa = PBXFileReference; fileEncoding = 4; lastKnownFileType = text.plist.xml; path = "GoogleService-Info.plist"; sourceTree = "<group>"; };
		D4001D28221C26ED00080EB2 /* OtherWebVController.swift */ = {isa = PBXFileReference; lastKnownFileType = sourcecode.swift; path = OtherWebVController.swift; sourceTree = "<group>"; };
		D4001D38221CDD7300080EB2 /* AlamofireHelper.swift */ = {isa = PBXFileReference; lastKnownFileType = sourcecode.swift; path = AlamofireHelper.swift; sourceTree = "<group>"; };
		D4001D5E221F992F00080EB2 /* eWelfare.entitlements */ = {isa = PBXFileReference; lastKnownFileType = text.plist.entitlements; path = eWelfare.entitlements; sourceTree = "<group>"; };
		D405FC4A225DA59900FBCB58 /* ResUser.swift */ = {isa = PBXFileReference; lastKnownFileType = sourcecode.swift; path = ResUser.swift; sourceTree = "<group>"; };
		D405FC4C225DA5A300FBCB58 /* ResMenu.swift */ = {isa = PBXFileReference; lastKnownFileType = sourcecode.swift; path = ResMenu.swift; sourceTree = "<group>"; };
		D405FC4F225DA7CE00FBCB58 /* SideMenuVController.swift */ = {isa = PBXFileReference; lastKnownFileType = sourcecode.swift; path = SideMenuVController.swift; sourceTree = "<group>"; };
		D405FC6D225EE81700FBCB58 /* ImageLoadingPopup.xib */ = {isa = PBXFileReference; lastKnownFileType = file.xib; path = ImageLoadingPopup.xib; sourceTree = "<group>"; };
		D405FC6F225EE83700FBCB58 /* ImageLoadingPopup.swift */ = {isa = PBXFileReference; lastKnownFileType = sourcecode.swift; path = ImageLoadingPopup.swift; sourceTree = "<group>"; };
		D427479E2278656500B2F7F1 /* SideMenuProtocol.swift */ = {isa = PBXFileReference; lastKnownFileType = sourcecode.swift; path = SideMenuProtocol.swift; sourceTree = "<group>"; };
		D4ACAB9F22DEE7D800212AD5 /* splash@2x.png */ = {isa = PBXFileReference; lastKnownFileType = image.png; path = "splash@2x.png"; sourceTree = "<group>"; };
		D4ACABA022DEE7D800212AD5 /* splash@3x.png */ = {isa = PBXFileReference; lastKnownFileType = image.png; path = "splash@3x.png"; sourceTree = "<group>"; };
		D4ACABA122DEE7D800212AD5 /* splash@1x.png */ = {isa = PBXFileReference; lastKnownFileType = image.png; path = "splash@1x.png"; sourceTree = "<group>"; };
		D4B99B5A22640E21008EDD98 /* SideMenuCollectionVCell.swift */ = {isa = PBXFileReference; lastKnownFileType = sourcecode.swift; path = SideMenuCollectionVCell.swift; sourceTree = "<group>"; };
		D4B99B6B22644A8B008EDD98 /* SideMenuCollectionRView.swift */ = {isa = PBXFileReference; lastKnownFileType = sourcecode.swift; path = SideMenuCollectionRView.swift; sourceTree = "<group>"; };
		D4C433FE22561BA20042AD1F /* SplashVController.swift */ = {isa = PBXFileReference; lastKnownFileType = sourcecode.swift; path = SplashVController.swift; sourceTree = "<group>"; };
		D4C4340022561CBE0042AD1F /* ResResult.swift */ = {isa = PBXFileReference; lastKnownFileType = sourcecode.swift; path = ResResult.swift; sourceTree = "<group>"; };
		D4C4340222561CDA0042AD1F /* ResLogin.swift */ = {isa = PBXFileReference; lastKnownFileType = sourcecode.swift; path = ResLogin.swift; sourceTree = "<group>"; };
		D4C4340422561CFA0042AD1F /* ResConfig.swift */ = {isa = PBXFileReference; lastKnownFileType = sourcecode.swift; path = ResConfig.swift; sourceTree = "<group>"; };
		D4C4340722561D490042AD1F /* ExtAlert.swift */ = {isa = PBXFileReference; lastKnownFileType = sourcecode.swift; path = ExtAlert.swift; sourceTree = "<group>"; };
		D4C4340922561D7B0042AD1F /* UIViewHelper.swift */ = {isa = PBXFileReference; lastKnownFileType = sourcecode.swift; path = UIViewHelper.swift; sourceTree = "<group>"; };
		D4C4340B22561D970042AD1F /* ValidHelper.swift */ = {isa = PBXFileReference; lastKnownFileType = sourcecode.swift; path = ValidHelper.swift; sourceTree = "<group>"; };
		D4C4340E2256214B0042AD1F /* LoginVController.swift */ = {isa = PBXFileReference; lastKnownFileType = sourcecode.swift; path = LoginVController.swift; sourceTree = "<group>"; };
		D4C82382222528AE001A2DC8 /* FcmHelper.swift */ = {isa = PBXFileReference; lastKnownFileType = sourcecode.swift; path = FcmHelper.swift; sourceTree = "<group>"; };
		D4DC76C1229D3E1800649F0A /* AddressWebVController.swift */ = {isa = PBXFileReference; lastKnownFileType = sourcecode.swift; path = AddressWebVController.swift; sourceTree = "<group>"; };
		D4DC76D1229F693100649F0A /* image_loading.gif */ = {isa = PBXFileReference; lastKnownFileType = image.gif; path = image_loading.gif; sourceTree = "<group>"; };
		D4DD19F72255218E006FAF33 /* SettingVController.swift */ = {isa = PBXFileReference; lastKnownFileType = sourcecode.swift; path = SettingVController.swift; sourceTree = "<group>"; };
		D4EB8A79226998A2006E8DC5 /* btn_pic@3x.png */ = {isa = PBXFileReference; lastKnownFileType = image.png; path = "btn_pic@3x.png"; sourceTree = "<group>"; };
		D4EB8A7A226998A2006E8DC5 /* image_loading_2.png */ = {isa = PBXFileReference; lastKnownFileType = image.png; path = image_loading_2.png; sourceTree = "<group>"; };
		D4EB8A7B226998A2006E8DC5 /* btn_point_view.png */ = {isa = PBXFileReference; lastKnownFileType = image.png; path = btn_point_view.png; sourceTree = "<group>"; };
		D4EB8A7C226998A2006E8DC5 /* btn_point_view@2x.png */ = {isa = PBXFileReference; lastKnownFileType = image.png; path = "btn_point_view@2x.png"; sourceTree = "<group>"; };
		D4EB8A7D226998A2006E8DC5 /* icon_coupon@2x.png */ = {isa = PBXFileReference; lastKnownFileType = image.png; path = "icon_coupon@2x.png"; sourceTree = "<group>"; };
		D4EB8A7E226998A2006E8DC5 /* logo@2x.png */ = {isa = PBXFileReference; lastKnownFileType = image.png; path = "logo@2x.png"; sourceTree = "<group>"; };
		D4EB8A7F226998A2006E8DC5 /* icon_cart@3x.png */ = {isa = PBXFileReference; lastKnownFileType = image.png; path = "icon_cart@3x.png"; sourceTree = "<group>"; };
		D4EB8A80226998A3006E8DC5 /* btn_logout@3x.png */ = {isa = PBXFileReference; lastKnownFileType = image.png; path = "btn_logout@3x.png"; sourceTree = "<group>"; };
		D4EB8A81226998A3006E8DC5 /* btn_update@2x.png */ = {isa = PBXFileReference; lastKnownFileType = image.png; path = "btn_update@2x.png"; sourceTree = "<group>"; };
		D4EB8A82226998A3006E8DC5 /* image_loading_3.png */ = {isa = PBXFileReference; lastKnownFileType = image.png; path = image_loading_3.png; sourceTree = "<group>"; };
		D4EB8A83226998A3006E8DC5 /* btn_alarm.png */ = {isa = PBXFileReference; lastKnownFileType = image.png; path = btn_alarm.png; sourceTree = "<group>"; };
		D4EB8A84226998A3006E8DC5 /* btn_pic@2x.png */ = {isa = PBXFileReference; lastKnownFileType = image.png; path = "btn_pic@2x.png"; sourceTree = "<group>"; };
		D4EB8A85226998A3006E8DC5 /* icon_cart.png */ = {isa = PBXFileReference; lastKnownFileType = image.png; path = icon_cart.png; sourceTree = "<group>"; };
		D4EB8A86226998A3006E8DC5 /* btn_alarm@3x.png */ = {isa = PBXFileReference; lastKnownFileType = image.png; path = "btn_alarm@3x.png"; sourceTree = "<group>"; };
		D4EB8A87226998A3006E8DC5 /* icon_recent.png */ = {isa = PBXFileReference; lastKnownFileType = image.png; path = icon_recent.png; sourceTree = "<group>"; };
		D4EB8A88226998A3006E8DC5 /* btn_titlebar_search@2x.png */ = {isa = PBXFileReference; lastKnownFileType = image.png; path = "btn_titlebar_search@2x.png"; sourceTree = "<group>"; };
		D4EB8A89226998A3006E8DC5 /* icon_coupon.png */ = {isa = PBXFileReference; lastKnownFileType = image.png; path = icon_coupon.png; sourceTree = "<group>"; };
		D4EB8A8A226998A3006E8DC5 /* btn_custom@3x.png */ = {isa = PBXFileReference; lastKnownFileType = image.png; path = "btn_custom@3x.png"; sourceTree = "<group>"; };
		D4EB8A8B226998A3006E8DC5 /* icon_order_list.png */ = {isa = PBXFileReference; lastKnownFileType = image.png; path = icon_order_list.png; sourceTree = "<group>"; };
		D4EB8A8C226998A3006E8DC5 /* titleCancleIcon@3x.png */ = {isa = PBXFileReference; lastKnownFileType = image.png; path = "titleCancleIcon@3x.png"; sourceTree = "<group>"; };
		D4EB8A8D226998A3006E8DC5 /* btn_logout@2x.png */ = {isa = PBXFileReference; lastKnownFileType = image.png; path = "btn_logout@2x.png"; sourceTree = "<group>"; };
		D4EB8A8E226998A3006E8DC5 /* check_on.png */ = {isa = PBXFileReference; lastKnownFileType = image.png; path = check_on.png; sourceTree = "<group>"; };
		D4EB8A8F226998A3006E8DC5 /* landing.png */ = {isa = PBXFileReference; lastKnownFileType = image.png; path = landing.png; sourceTree = "<group>"; };
		D4EB8A90226998A4006E8DC5 /* btn_logout.png */ = {isa = PBXFileReference; lastKnownFileType = image.png; path = btn_logout.png; sourceTree = "<group>"; };
		D4EB8A91226998A4006E8DC5 /* check_off@2x.png */ = {isa = PBXFileReference; lastKnownFileType = image.png; path = "check_off@2x.png"; sourceTree = "<group>"; };
		D4EB8A92226998A4006E8DC5 /* icon_lock@2x.png */ = {isa = PBXFileReference; lastKnownFileType = image.png; path = "icon_lock@2x.png"; sourceTree = "<group>"; };
		D4EB8A93226998A4006E8DC5 /* icon_recent@2x.png */ = {isa = PBXFileReference; lastKnownFileType = image.png; path = "icon_recent@2x.png"; sourceTree = "<group>"; };
		D4EB8A94226998A4006E8DC5 /* logo@3x.png */ = {isa = PBXFileReference; lastKnownFileType = image.png; path = "logo@3x.png"; sourceTree = "<group>"; };
		D4EB8A95226998A4006E8DC5 /* icon_lock@3x.png */ = {isa = PBXFileReference; lastKnownFileType = image.png; path = "icon_lock@3x.png"; sourceTree = "<group>"; };
		D4EB8A96226998A4006E8DC5 /* icon_order_list@3x.png */ = {isa = PBXFileReference; lastKnownFileType = image.png; path = "icon_order_list@3x.png"; sourceTree = "<group>"; };
		D4EB8A97226998A4006E8DC5 /* check_off@3x.png */ = {isa = PBXFileReference; lastKnownFileType = image.png; path = "check_off@3x.png"; sourceTree = "<group>"; };
		D4EB8A98226998A4006E8DC5 /* btn_cscenter@3x.png */ = {isa = PBXFileReference; lastKnownFileType = image.png; path = "btn_cscenter@3x.png"; sourceTree = "<group>"; };
		D4EB8A99226998A4006E8DC5 /* titleBackBitton@2x.png */ = {isa = PBXFileReference; lastKnownFileType = image.png; path = "titleBackBitton@2x.png"; sourceTree = "<group>"; };
		D4EB8A9A226998A4006E8DC5 /* btn_setup@3x.png */ = {isa = PBXFileReference; lastKnownFileType = image.png; path = "btn_setup@3x.png"; sourceTree = "<group>"; };
		D4EB8A9B226998A4006E8DC5 /* btn_pic.png */ = {isa = PBXFileReference; lastKnownFileType = image.png; path = btn_pic.png; sourceTree = "<group>"; };
		D4EB8A9C226998A4006E8DC5 /* btn_close@2x.png */ = {isa = PBXFileReference; lastKnownFileType = image.png; path = "btn_close@2x.png"; sourceTree = "<group>"; };
		D4EB8A9D226998A5006E8DC5 /* btn_titlebar_search.png */ = {isa = PBXFileReference; lastKnownFileType = image.png; path = btn_titlebar_search.png; sourceTree = "<group>"; };
		D4EB8A9E226998A5006E8DC5 /* icon_cart@2x.png */ = {isa = PBXFileReference; lastKnownFileType = image.png; path = "icon_cart@2x.png"; sourceTree = "<group>"; };
		D4EB8A9F226998A5006E8DC5 /* btn_titlebar_sidemenu.png */ = {isa = PBXFileReference; lastKnownFileType = image.png; path = btn_titlebar_sidemenu.png; sourceTree = "<group>"; };
		D4EB8AA0226998A5006E8DC5 /* btn_custom@2x.png */ = {isa = PBXFileReference; lastKnownFileType = image.png; path = "btn_custom@2x.png"; sourceTree = "<group>"; };
		D4EB8AA1226998A5006E8DC5 /* btn_cscenter.png */ = {isa = PBXFileReference; lastKnownFileType = image.png; path = btn_cscenter.png; sourceTree = "<group>"; };
		D4EB8AA2226998A5006E8DC5 /* check_on@2x.png */ = {isa = PBXFileReference; lastKnownFileType = image.png; path = "check_on@2x.png"; sourceTree = "<group>"; };
		D4EB8AA3226998A5006E8DC5 /* landing@3x.png */ = {isa = PBXFileReference; lastKnownFileType = image.png; path = "landing@3x.png"; sourceTree = "<group>"; };
		D4EB8AA4226998A5006E8DC5 /* logo.png */ = {isa = PBXFileReference; lastKnownFileType = image.png; path = logo.png; sourceTree = "<group>"; };
		D4EB8AA5226998A5006E8DC5 /* btn_titlebar_search@3x.png */ = {isa = PBXFileReference; lastKnownFileType = image.png; path = "btn_titlebar_search@3x.png"; sourceTree = "<group>"; };
		D4EB8AA6226998A5006E8DC5 /* btn_titlebar_back@2x.png */ = {isa = PBXFileReference; lastKnownFileType = image.png; path = "btn_titlebar_back@2x.png"; sourceTree = "<group>"; };
		D4EB8AA7226998A5006E8DC5 /* btn_close.png */ = {isa = PBXFileReference; lastKnownFileType = image.png; path = btn_close.png; sourceTree = "<group>"; };
		D4EB8AA8226998A5006E8DC5 /* titleCancleIcon@2x.png */ = {isa = PBXFileReference; lastKnownFileType = image.png; path = "titleCancleIcon@2x.png"; sourceTree = "<group>"; };
		D4EB8AA9226998A6006E8DC5 /* icon_send_right@3x.png */ = {isa = PBXFileReference; lastKnownFileType = image.png; path = "icon_send_right@3x.png"; sourceTree = "<group>"; };
		D4EB8AAA226998A6006E8DC5 /* btn_setup.png */ = {isa = PBXFileReference; lastKnownFileType = image.png; path = btn_setup.png; sourceTree = "<group>"; };
		D4EB8AAB226998A6006E8DC5 /* titleBackBitton.png */ = {isa = PBXFileReference; lastKnownFileType = image.png; path = titleBackBitton.png; sourceTree = "<group>"; };
		D4EB8AAC226998A6006E8DC5 /* btn_titlebar_home.png */ = {isa = PBXFileReference; lastKnownFileType = image.png; path = btn_titlebar_home.png; sourceTree = "<group>"; };
		D4EB8AAD226998A6006E8DC5 /* btn_point_view@3x.png */ = {isa = PBXFileReference; lastKnownFileType = image.png; path = "btn_point_view@3x.png"; sourceTree = "<group>"; };
		D4EB8AAE226998A6006E8DC5 /* btn_titlebar_sidemenu@3x.png */ = {isa = PBXFileReference; lastKnownFileType = image.png; path = "btn_titlebar_sidemenu@3x.png"; sourceTree = "<group>"; };
		D4EB8AAF226998A6006E8DC5 /* icon_coupon@3x.png */ = {isa = PBXFileReference; lastKnownFileType = image.png; path = "icon_coupon@3x.png"; sourceTree = "<group>"; };
		D4EB8AB0226998A6006E8DC5 /* icon_order_list@2x.png */ = {isa = PBXFileReference; lastKnownFileType = image.png; path = "icon_order_list@2x.png"; sourceTree = "<group>"; };
		D4EB8AB1226998A6006E8DC5 /* check_off.png */ = {isa = PBXFileReference; lastKnownFileType = image.png; path = check_off.png; sourceTree = "<group>"; };
		D4EB8AB2226998A6006E8DC5 /* icon_send_right.png */ = {isa = PBXFileReference; lastKnownFileType = image.png; path = icon_send_right.png; sourceTree = "<group>"; };
		D4EB8AB3226998A6006E8DC5 /* my_pic_x2.png */ = {isa = PBXFileReference; lastKnownFileType = image.png; path = my_pic_x2.png; sourceTree = "<group>"; };
		D4EB8AB4226998A6006E8DC5 /* btn_titlebar_home@3x.png */ = {isa = PBXFileReference; lastKnownFileType = image.png; path = "btn_titlebar_home@3x.png"; sourceTree = "<group>"; };
		D4EB8AB5226998A7006E8DC5 /* my_pic.png */ = {isa = PBXFileReference; lastKnownFileType = image.png; path = my_pic.png; sourceTree = "<group>"; };
		D4EB8AB6226998A7006E8DC5 /* titleCancleIcon.png */ = {isa = PBXFileReference; lastKnownFileType = image.png; path = titleCancleIcon.png; sourceTree = "<group>"; };
		D4EB8AB7226998A7006E8DC5 /* btn_close@3x.png */ = {isa = PBXFileReference; lastKnownFileType = image.png; path = "btn_close@3x.png"; sourceTree = "<group>"; };
		D4EB8AB8226998A7006E8DC5 /* btn_update@3x.png */ = {isa = PBXFileReference; lastKnownFileType = image.png; path = "btn_update@3x.png"; sourceTree = "<group>"; };
		D4EB8AB9226998A7006E8DC5 /* btn_titlebar_back.png */ = {isa = PBXFileReference; lastKnownFileType = image.png; path = btn_titlebar_back.png; sourceTree = "<group>"; };
		D4EB8ABA226998A7006E8DC5 /* icon_send_right@2x.png */ = {isa = PBXFileReference; lastKnownFileType = image.png; path = "icon_send_right@2x.png"; sourceTree = "<group>"; };
		D4EB8ABB226998A7006E8DC5 /* landing@2x.png */ = {isa = PBXFileReference; lastKnownFileType = image.png; path = "landing@2x.png"; sourceTree = "<group>"; };
		D4EB8ABC226998A7006E8DC5 /* icon_lock.png */ = {isa = PBXFileReference; lastKnownFileType = image.png; path = icon_lock.png; sourceTree = "<group>"; };
		D4EB8ABD226998A7006E8DC5 /* image_loading_1.png */ = {isa = PBXFileReference; lastKnownFileType = image.png; path = image_loading_1.png; sourceTree = "<group>"; };
		D4EB8ABE226998A7006E8DC5 /* titleBackBitton@3x.png */ = {isa = PBXFileReference; lastKnownFileType = image.png; path = "titleBackBitton@3x.png"; sourceTree = "<group>"; };
		D4EB8ABF226998A7006E8DC5 /* btn_custom.png */ = {isa = PBXFileReference; lastKnownFileType = image.png; path = btn_custom.png; sourceTree = "<group>"; };
		D4EB8AC0226998A7006E8DC5 /* check_on@3x.png */ = {isa = PBXFileReference; lastKnownFileType = image.png; path = "check_on@3x.png"; sourceTree = "<group>"; };
		D4EB8AC1226998A8006E8DC5 /* my_pic_x3.png */ = {isa = PBXFileReference; lastKnownFileType = image.png; path = my_pic_x3.png; sourceTree = "<group>"; };
		D4EB8AC2226998A8006E8DC5 /* btn_cscenter@2x.png */ = {isa = PBXFileReference; lastKnownFileType = image.png; path = "btn_cscenter@2x.png"; sourceTree = "<group>"; };
		D4EB8AC3226998A8006E8DC5 /* btn_alarm@2x.png */ = {isa = PBXFileReference; lastKnownFileType = image.png; path = "btn_alarm@2x.png"; sourceTree = "<group>"; };
		D4EB8AC4226998AC006E8DC5 /* btn_setup@2x.png */ = {isa = PBXFileReference; lastKnownFileType = image.png; path = "btn_setup@2x.png"; sourceTree = "<group>"; };
		D4EB8AC5226998AC006E8DC5 /* btn_update.png */ = {isa = PBXFileReference; lastKnownFileType = image.png; path = btn_update.png; sourceTree = "<group>"; };
		D4EB8AC6226998AC006E8DC5 /* btn_titlebar_home@2x.png */ = {isa = PBXFileReference; lastKnownFileType = image.png; path = "btn_titlebar_home@2x.png"; sourceTree = "<group>"; };
		D4EB8AC7226998AC006E8DC5 /* btn_titlebar_sidemenu@2x.png */ = {isa = PBXFileReference; lastKnownFileType = image.png; path = "btn_titlebar_sidemenu@2x.png"; sourceTree = "<group>"; };
		D4EB8AC8226998AC006E8DC5 /* icon_recent@3x.png */ = {isa = PBXFileReference; lastKnownFileType = image.png; path = "icon_recent@3x.png"; sourceTree = "<group>"; };
		D4EB8AC9226998AC006E8DC5 /* btn_titlebar_back@3x.png */ = {isa = PBXFileReference; lastKnownFileType = image.png; path = "btn_titlebar_back@3x.png"; sourceTree = "<group>"; };
		F18BDBD75A7F51F938C95170 /* Pods-eWelfare.debug.xcconfig */ = {isa = PBXFileReference; includeInIndex = 1; lastKnownFileType = text.xcconfig; name = "Pods-eWelfare.debug.xcconfig"; path = "Pods/Target Support Files/Pods-eWelfare/Pods-eWelfare.debug.xcconfig"; sourceTree = "<group>"; };
/* End PBXFileReference section */

/* Begin PBXFrameworksBuildPhase section */
		D4001CFA221C1D6F00080EB2 /* Frameworks */ = {
			isa = PBXFrameworksBuildPhase;
			buildActionMask = 2147483647;
			files = (
				A47B333A9A5664203D15F7E4 /* Pods_eWelfare.framework in Frameworks */,
			);
			runOnlyForDeploymentPostprocessing = 0;
		};
/* End PBXFrameworksBuildPhase section */

/* Begin PBXGroup section */
		58ACEB2140A1E2321B612D3E /* Pods */ = {
			isa = PBXGroup;
			children = (
				F18BDBD75A7F51F938C95170 /* Pods-eWelfare.debug.xcconfig */,
				3D285EA7314C338D1CCA6358 /* Pods-eWelfare.release.xcconfig */,
			);
			name = Pods;
			sourceTree = "<group>";
		};
		5DDEA8705F307F72F6BCBC34 /* Frameworks */ = {
			isa = PBXGroup;
			children = (
				3FCE1BFD933EFD3F2FF107AC /* Pods_eWelfare.framework */,
			);
			name = Frameworks;
			sourceTree = "<group>";
		};
		D4001CF4221C1D6F00080EB2 = {
			isa = PBXGroup;
			children = (
				D4001CFF221C1D6F00080EB2 /* eWelfare */,
				D4001CFE221C1D6F00080EB2 /* Products */,
				58ACEB2140A1E2321B612D3E /* Pods */,
				5DDEA8705F307F72F6BCBC34 /* Frameworks */,
			);
			sourceTree = "<group>";
		};
		D4001CFE221C1D6F00080EB2 /* Products */ = {
			isa = PBXGroup;
			children = (
				D4001CFD221C1D6F00080EB2 /* eWelfare.app */,
			);
			name = Products;
			sourceTree = "<group>";
		};
		D4001CFF221C1D6F00080EB2 /* eWelfare */ = {
			isa = PBXGroup;
			children = (
				D4B99B5C22641144008EDD98 /* support */,
				D4001D5E221F992F00080EB2 /* eWelfare.entitlements */,
				D4001D17221C1E1700080EB2 /* base */,
				D4001D3A221CDE0400080EB2 /* data */,
				D4C4340622561D2F0042AD1F /* extention */,
				D4001D37221CDD5600080EB2 /* helper */,
				D4001D16221C1E1100080EB2 /* manager */,
				D405FC6C225EE7F800FBCB58 /* popup */,
				D427479B2278622400B2F7F1 /* protocol */,
				D4001D2A221CC70800080EB2 /* resources */,
				D4001D12221C1D9800080EB2 /* scene */,
				D4001D13221C1DA300080EB2 /* storyboard */,
				D4001D00221C1D6F00080EB2 /* AppDelegate.swift */,
				D4001D07221C1D7100080EB2 /* Assets.xcassets */,
				D4001D24221C207B00080EB2 /* GoogleService-Info.plist */,
				D4001D0C221C1D7100080EB2 /* Info.plist */,
				D4001D14221C1DF300080EB2 /* WDefine.swift */,
			);
			path = eWelfare;
			sourceTree = "<group>";
		};
		D4001D12221C1D9800080EB2 /* scene */ = {
			isa = PBXGroup;
			children = (
				D4DC76C0229D3DF100649F0A /* address */,
				D4C4340D225621390042AD1F /* login */,
				D4001D26221C26B400080EB2 /* main */,
				D4001D27221C26C100080EB2 /* other */,
				D4DD19F622552167006FAF33 /* setting */,
				D405FC4E225DA7A700FBCB58 /* sideMenu */,
				D4C433FD22561B5D0042AD1F /* splash */,
			);
			path = scene;
			sourceTree = "<group>";
		};
		D4001D13221C1DA300080EB2 /* storyboard */ = {
			isa = PBXGroup;
			children = (
				D4001D09221C1D7100080EB2 /* LaunchScreen.storyboard */,
				D4001D04221C1D6F00080EB2 /* Main.storyboard */,
			);
			path = storyboard;
			sourceTree = "<group>";
		};
		D4001D16221C1E1100080EB2 /* manager */ = {
			isa = PBXGroup;
			children = (
				D4001D1C221C1E8600080EB2 /* AccountManager.swift */,
				D4001D1A221C1E7B00080EB2 /* AppManager.swift */,
			);
			path = manager;
			sourceTree = "<group>";
		};
		D4001D17221C1E1700080EB2 /* base */ = {
			isa = PBXGroup;
			children = (
				D4001D18221C1E2300080EB2 /* BaseVController.swift */,
			);
			path = base;
			sourceTree = "<group>";
		};
		D4001D26221C26B400080EB2 /* main */ = {
			isa = PBXGroup;
			children = (
				D4001D02221C1D6F00080EB2 /* MainVController.swift */,
				D4001D1E221C1EDB00080EB2 /* MainModel.swift */,
				D4001D20221C1EE600080EB2 /* MainPresenter.swift */,
			);
			path = main;
			sourceTree = "<group>";
		};
		D4001D27221C26C100080EB2 /* other */ = {
			isa = PBXGroup;
			children = (
				D4001D28221C26ED00080EB2 /* OtherWebVController.swift */,
			);
			path = other;
			sourceTree = "<group>";
		};
		D4001D2A221CC70800080EB2 /* resources */ = {
			isa = PBXGroup;
			children = (
				D4ACABA122DEE7D800212AD5 /* splash@1x.png */,
				D4ACAB9F22DEE7D800212AD5 /* splash@2x.png */,
				D4ACABA022DEE7D800212AD5 /* splash@3x.png */,
				D4EB8A83226998A3006E8DC5 /* btn_alarm.png */,
				D4EB8AC3226998A8006E8DC5 /* btn_alarm@2x.png */,
				D4EB8A86226998A3006E8DC5 /* btn_alarm@3x.png */,
				D4EB8AA7226998A5006E8DC5 /* btn_close.png */,
				D4EB8A9C226998A4006E8DC5 /* btn_close@2x.png */,
				D4EB8AB7226998A7006E8DC5 /* btn_close@3x.png */,
				D4EB8AA1226998A5006E8DC5 /* btn_cscenter.png */,
				D4EB8AC2226998A8006E8DC5 /* btn_cscenter@2x.png */,
				D4EB8A98226998A4006E8DC5 /* btn_cscenter@3x.png */,
				D4EB8ABF226998A7006E8DC5 /* btn_custom.png */,
				D4EB8AA0226998A5006E8DC5 /* btn_custom@2x.png */,
				D4EB8A8A226998A3006E8DC5 /* btn_custom@3x.png */,
				D4EB8A90226998A4006E8DC5 /* btn_logout.png */,
				D4EB8A8D226998A3006E8DC5 /* btn_logout@2x.png */,
				D4EB8A80226998A3006E8DC5 /* btn_logout@3x.png */,
				D4EB8A9B226998A4006E8DC5 /* btn_pic.png */,
				D4EB8A84226998A3006E8DC5 /* btn_pic@2x.png */,
				D4EB8A79226998A2006E8DC5 /* btn_pic@3x.png */,
				D4EB8A7B226998A2006E8DC5 /* btn_point_view.png */,
				D4EB8A7C226998A2006E8DC5 /* btn_point_view@2x.png */,
				D4EB8AAD226998A6006E8DC5 /* btn_point_view@3x.png */,
				D4EB8AAA226998A6006E8DC5 /* btn_setup.png */,
				D4EB8AC4226998AC006E8DC5 /* btn_setup@2x.png */,
				D4EB8A9A226998A4006E8DC5 /* btn_setup@3x.png */,
				D4EB8AB9226998A7006E8DC5 /* btn_titlebar_back.png */,
				D4EB8AA6226998A5006E8DC5 /* btn_titlebar_back@2x.png */,
				D4EB8AC9226998AC006E8DC5 /* btn_titlebar_back@3x.png */,
				D4EB8AAC226998A6006E8DC5 /* btn_titlebar_home.png */,
				D4EB8AC6226998AC006E8DC5 /* btn_titlebar_home@2x.png */,
				D4EB8AB4226998A6006E8DC5 /* btn_titlebar_home@3x.png */,
				D4EB8A9D226998A5006E8DC5 /* btn_titlebar_search.png */,
				D4EB8A88226998A3006E8DC5 /* btn_titlebar_search@2x.png */,
				D4EB8AA5226998A5006E8DC5 /* btn_titlebar_search@3x.png */,
				D4EB8A9F226998A5006E8DC5 /* btn_titlebar_sidemenu.png */,
				D4EB8AC7226998AC006E8DC5 /* btn_titlebar_sidemenu@2x.png */,
				D4EB8AAE226998A6006E8DC5 /* btn_titlebar_sidemenu@3x.png */,
				D4EB8AC5226998AC006E8DC5 /* btn_update.png */,
				D4EB8A81226998A3006E8DC5 /* btn_update@2x.png */,
				D4EB8AB8226998A7006E8DC5 /* btn_update@3x.png */,
				D4EB8AB1226998A6006E8DC5 /* check_off.png */,
				D4EB8A91226998A4006E8DC5 /* check_off@2x.png */,
				D4EB8A97226998A4006E8DC5 /* check_off@3x.png */,
				D4EB8A8E226998A3006E8DC5 /* check_on.png */,
				D4EB8AA2226998A5006E8DC5 /* check_on@2x.png */,
				D4EB8AC0226998A7006E8DC5 /* check_on@3x.png */,
				D4EB8A85226998A3006E8DC5 /* icon_cart.png */,
				D4EB8A9E226998A5006E8DC5 /* icon_cart@2x.png */,
				D4EB8A7F226998A2006E8DC5 /* icon_cart@3x.png */,
				D4EB8A89226998A3006E8DC5 /* icon_coupon.png */,
				D4EB8A7D226998A2006E8DC5 /* icon_coupon@2x.png */,
				D4EB8AAF226998A6006E8DC5 /* icon_coupon@3x.png */,
				D4EB8ABC226998A7006E8DC5 /* icon_lock.png */,
				D4EB8A92226998A4006E8DC5 /* icon_lock@2x.png */,
				D4EB8A95226998A4006E8DC5 /* icon_lock@3x.png */,
				D4EB8A8B226998A3006E8DC5 /* icon_order_list.png */,
				D4EB8AB0226998A6006E8DC5 /* icon_order_list@2x.png */,
				D4EB8A96226998A4006E8DC5 /* icon_order_list@3x.png */,
				D4EB8A87226998A3006E8DC5 /* icon_recent.png */,
				D4EB8A93226998A4006E8DC5 /* icon_recent@2x.png */,
				D4EB8AC8226998AC006E8DC5 /* icon_recent@3x.png */,
				D4EB8AB2226998A6006E8DC5 /* icon_send_right.png */,
				D4EB8ABA226998A7006E8DC5 /* icon_send_right@2x.png */,
				D4EB8AA9226998A6006E8DC5 /* icon_send_right@3x.png */,
				D4EB8ABD226998A7006E8DC5 /* image_loading_1.png */,
				D4EB8A7A226998A2006E8DC5 /* image_loading_2.png */,
				D4EB8A82226998A3006E8DC5 /* image_loading_3.png */,
				D4DC76D1229F693100649F0A /* image_loading.gif */,
				D4EB8A8F226998A3006E8DC5 /* landing.png */,
				D4EB8ABB226998A7006E8DC5 /* landing@2x.png */,
				D4EB8AA3226998A5006E8DC5 /* landing@3x.png */,
				D4EB8AA4226998A5006E8DC5 /* logo.png */,
				D4EB8A7E226998A2006E8DC5 /* logo@2x.png */,
				D4EB8A94226998A4006E8DC5 /* logo@3x.png */,
				D4EB8AB3226998A6006E8DC5 /* my_pic_x2.png */,
				D4EB8AC1226998A8006E8DC5 /* my_pic_x3.png */,
				D4EB8AB5226998A7006E8DC5 /* my_pic.png */,
				D4EB8AAB226998A6006E8DC5 /* titleBackBitton.png */,
				D4EB8A99226998A4006E8DC5 /* titleBackBitton@2x.png */,
				D4EB8ABE226998A7006E8DC5 /* titleBackBitton@3x.png */,
				D4EB8AB6226998A7006E8DC5 /* titleCancleIcon.png */,
				D4EB8AA8226998A5006E8DC5 /* titleCancleIcon@2x.png */,
				D4EB8A8C226998A3006E8DC5 /* titleCancleIcon@3x.png */,
			);
			path = resources;
			sourceTree = "<group>";
		};
		D4001D37221CDD5600080EB2 /* helper */ = {
			isa = PBXGroup;
			children = (
				D4001D38221CDD7300080EB2 /* AlamofireHelper.swift */,
				D4C82382222528AE001A2DC8 /* FcmHelper.swift */,
				D4C4340922561D7B0042AD1F /* UIViewHelper.swift */,
				D4C4340B22561D970042AD1F /* ValidHelper.swift */,
			);
			path = helper;
			sourceTree = "<group>";
		};
		D4001D3A221CDE0400080EB2 /* data */ = {
			isa = PBXGroup;
			children = (
				D4C4340022561CBE0042AD1F /* ResResult.swift */,
				D4C4340222561CDA0042AD1F /* ResLogin.swift */,
				D4C4340422561CFA0042AD1F /* ResConfig.swift */,
				D405FC4A225DA59900FBCB58 /* ResUser.swift */,
				D405FC4C225DA5A300FBCB58 /* ResMenu.swift */,
			);
			path = data;
			sourceTree = "<group>";
		};
		D405FC4E225DA7A700FBCB58 /* sideMenu */ = {
			isa = PBXGroup;
			children = (
				D405FC4F225DA7CE00FBCB58 /* SideMenuVController.swift */,
				D4B99B5A22640E21008EDD98 /* SideMenuCollectionVCell.swift */,
				D4B99B6B22644A8B008EDD98 /* SideMenuCollectionRView.swift */,
			);
			path = sideMenu;
			sourceTree = "<group>";
		};
		D405FC6C225EE7F800FBCB58 /* popup */ = {
			isa = PBXGroup;
			children = (
				D405FC6F225EE83700FBCB58 /* ImageLoadingPopup.swift */,
				D405FC6D225EE81700FBCB58 /* ImageLoadingPopup.xib */,
			);
			path = popup;
			sourceTree = "<group>";
		};
		D427479B2278622400B2F7F1 /* protocol */ = {
			isa = PBXGroup;
			children = (
				D427479E2278656500B2F7F1 /* SideMenuProtocol.swift */,
			);
			path = protocol;
			sourceTree = "<group>";
		};
		D4B99B5C22641144008EDD98 /* support */ = {
			isa = PBXGroup;
			children = (
			);
			path = support;
			sourceTree = "<group>";
		};
		D4C433FD22561B5D0042AD1F /* splash */ = {
			isa = PBXGroup;
			children = (
				D4C433FE22561BA20042AD1F /* SplashVController.swift */,
			);
			path = splash;
			sourceTree = "<group>";
		};
		D4C4340622561D2F0042AD1F /* extention */ = {
			isa = PBXGroup;
			children = (
				D4C4340722561D490042AD1F /* ExtAlert.swift */,
			);
			path = extention;
			sourceTree = "<group>";
		};
		D4C4340D225621390042AD1F /* login */ = {
			isa = PBXGroup;
			children = (
				D4C4340E2256214B0042AD1F /* LoginVController.swift */,
			);
			path = login;
			sourceTree = "<group>";
		};
		D4DC76C0229D3DF100649F0A /* address */ = {
			isa = PBXGroup;
			children = (
				D4DC76C1229D3E1800649F0A /* AddressWebVController.swift */,
			);
			path = address;
			sourceTree = "<group>";
		};
		D4DD19F622552167006FAF33 /* setting */ = {
			isa = PBXGroup;
			children = (
				D4DD19F72255218E006FAF33 /* SettingVController.swift */,
			);
			path = setting;
			sourceTree = "<group>";
		};
/* End PBXGroup section */

/* Begin PBXNativeTarget section */
		D4001CFC221C1D6F00080EB2 /* eWelfare */ = {
			isa = PBXNativeTarget;
			buildConfigurationList = D4001D0F221C1D7100080EB2 /* Build configuration list for PBXNativeTarget "eWelfare" */;
			buildPhases = (
				99A24A82421635A5AF827E6C /* [CP] Check Pods Manifest.lock */,
				D4001CF9221C1D6F00080EB2 /* Sources */,
				D4001CFA221C1D6F00080EB2 /* Frameworks */,
				D4001CFB221C1D6F00080EB2 /* Resources */,
				C05F9AD35478D708F5DA2D56 /* [CP] Embed Pods Frameworks */,
			);
			buildRules = (
			);
			dependencies = (
			);
			name = eWelfare;
			productName = WebEwelfare;
			productReference = D4001CFD221C1D6F00080EB2 /* eWelfare.app */;
			productType = "com.apple.product-type.application";
		};
/* End PBXNativeTarget section */

/* Begin PBXProject section */
		D4001CF5221C1D6F00080EB2 /* Project object */ = {
			isa = PBXProject;
			attributes = {
				LastSwiftUpdateCheck = 1010;
				LastUpgradeCheck = 1010;
				ORGANIZATIONNAME = "nam yeon hun";
				TargetAttributes = {
					D4001CFC221C1D6F00080EB2 = {
						CreatedOnToolsVersion = 10.1;
						SystemCapabilities = {
							com.apple.Push = {
								enabled = 1;
							};
						};
					};
				};
			};
			buildConfigurationList = D4001CF8221C1D6F00080EB2 /* Build configuration list for PBXProject "eWelfare" */;
			compatibilityVersion = "Xcode 9.3";
			developmentRegion = en;
			hasScannedForEncodings = 0;
			knownRegions = (
				en,
				Base,
			);
			mainGroup = D4001CF4221C1D6F00080EB2;
			productRefGroup = D4001CFE221C1D6F00080EB2 /* Products */;
			projectDirPath = "";
			projectRoot = "";
			targets = (
				D4001CFC221C1D6F00080EB2 /* eWelfare */,
			);
		};
/* End PBXProject section */

/* Begin PBXResourcesBuildPhase section */
		D4001CFB221C1D6F00080EB2 /* Resources */ = {
			isa = PBXResourcesBuildPhase;
			buildActionMask = 2147483647;
			files = (
				D4EB8B18226998AD006E8DC5 /* btn_titlebar_sidemenu@2x.png in Resources */,
				D4EB8B0D226998AD006E8DC5 /* icon_lock.png in Resources */,
				D4EB8B02226998AD006E8DC5 /* check_off.png in Resources */,
				D4EB8B00226998AD006E8DC5 /* icon_coupon@3x.png in Resources */,
				D4EB8AD4226998AD006E8DC5 /* btn_alarm.png in Resources */,
				D4EB8AE3226998AD006E8DC5 /* icon_lock@2x.png in Resources */,
				D4EB8ADB226998AD006E8DC5 /* btn_custom@3x.png in Resources */,
				D4EB8AD0226998AD006E8DC5 /* icon_cart@3x.png in Resources */,
				D4EB8B0A226998AD006E8DC5 /* btn_titlebar_back.png in Resources */,
				D4EB8AE5226998AD006E8DC5 /* logo@3x.png in Resources */,
				D4EB8AE1226998AD006E8DC5 /* btn_logout.png in Resources */,
				D4001D0B221C1D7100080EB2 /* LaunchScreen.storyboard in Resources */,
				D4EB8B17226998AD006E8DC5 /* btn_titlebar_home@2x.png in Resources */,
				D4EB8AF3226998AD006E8DC5 /* check_on@2x.png in Resources */,
				D4EB8B04226998AD006E8DC5 /* my_pic_x2.png in Resources */,
				D4EB8AFE226998AD006E8DC5 /* btn_point_view@3x.png in Resources */,
				D4EB8AF0226998AD006E8DC5 /* btn_titlebar_sidemenu.png in Resources */,
				D4EB8AF4226998AD006E8DC5 /* landing@3x.png in Resources */,
				D4EB8ACF226998AD006E8DC5 /* logo@2x.png in Resources */,
				D4EB8AF6226998AD006E8DC5 /* btn_titlebar_search@3x.png in Resources */,
				D405FC6E225EE81700FBCB58 /* ImageLoadingPopup.xib in Resources */,
				D4EB8AD7226998AD006E8DC5 /* btn_alarm@3x.png in Resources */,
				D4EB8ACD226998AD006E8DC5 /* btn_point_view@2x.png in Resources */,
				D4EB8AD8226998AD006E8DC5 /* icon_recent.png in Resources */,
				D4EB8AEA226998AD006E8DC5 /* titleBackBitton@2x.png in Resources */,
				D4EB8ADE226998AD006E8DC5 /* btn_logout@2x.png in Resources */,
				D4EB8AED226998AD006E8DC5 /* btn_close@2x.png in Resources */,
				D4EB8AF1226998AD006E8DC5 /* btn_custom@2x.png in Resources */,
				D4EB8AD1226998AD006E8DC5 /* btn_logout@3x.png in Resources */,
				D4EB8AFA226998AD006E8DC5 /* icon_send_right@3x.png in Resources */,
				D4EB8B15226998AD006E8DC5 /* btn_setup@2x.png in Resources */,
				D4EB8AFD226998AD006E8DC5 /* btn_titlebar_home.png in Resources */,
				D4EB8B14226998AD006E8DC5 /* btn_alarm@2x.png in Resources */,
				D4EB8AFB226998AD006E8DC5 /* btn_setup.png in Resources */,
				D4EB8AE8226998AD006E8DC5 /* check_off@3x.png in Resources */,
				D4EB8B10226998AD006E8DC5 /* btn_custom.png in Resources */,
				D4EB8AEB226998AD006E8DC5 /* btn_setup@3x.png in Resources */,
				D4EB8AFF226998AD006E8DC5 /* btn_titlebar_sidemenu@3x.png in Resources */,
				D4EB8B0C226998AD006E8DC5 /* landing@2x.png in Resources */,
				D4EB8AD3226998AD006E8DC5 /* image_loading_3.png in Resources */,
				D4EB8B1A226998AD006E8DC5 /* btn_titlebar_back@3x.png in Resources */,
				D4EB8B07226998AD006E8DC5 /* titleCancleIcon.png in Resources */,
				D4EB8B01226998AD006E8DC5 /* icon_order_list@2x.png in Resources */,
				D4EB8AD2226998AD006E8DC5 /* btn_update@2x.png in Resources */,
				D4EB8B08226998AD006E8DC5 /* btn_close@3x.png in Resources */,
				D4001D25221C207B00080EB2 /* GoogleService-Info.plist in Resources */,
				D4EB8ADC226998AD006E8DC5 /* icon_order_list.png in Resources */,
				D4001D08221C1D7100080EB2 /* Assets.xcassets in Resources */,
				D4EB8AF2226998AD006E8DC5 /* btn_cscenter.png in Resources */,
				D4EB8AE6226998AD006E8DC5 /* icon_lock@3x.png in Resources */,
				D4EB8AE2226998AD006E8DC5 /* check_off@2x.png in Resources */,
				D4EB8AFC226998AD006E8DC5 /* titleBackBitton.png in Resources */,
				D4EB8ACE226998AD006E8DC5 /* icon_coupon@2x.png in Resources */,
				D4EB8ACC226998AD006E8DC5 /* btn_point_view.png in Resources */,
				D4EB8B0E226998AD006E8DC5 /* image_loading_1.png in Resources */,
				D4EB8AF8226998AD006E8DC5 /* btn_close.png in Resources */,
				D4001D06221C1D6F00080EB2 /* Main.storyboard in Resources */,
				D4EB8B0F226998AD006E8DC5 /* titleBackBitton@3x.png in Resources */,
				D4EB8AE0226998AD006E8DC5 /* landing.png in Resources */,
				D4EB8ADD226998AD006E8DC5 /* titleCancleIcon@3x.png in Resources */,
				D4EB8AEF226998AD006E8DC5 /* icon_cart@2x.png in Resources */,
				D4EB8B13226998AD006E8DC5 /* btn_cscenter@2x.png in Resources */,
				D4EB8AEC226998AD006E8DC5 /* btn_pic.png in Resources */,
				D4EB8AE4226998AD006E8DC5 /* icon_recent@2x.png in Resources */,
				D4EB8ADF226998AD006E8DC5 /* check_on.png in Resources */,
				D4EB8B03226998AD006E8DC5 /* icon_send_right.png in Resources */,
				D4EB8B19226998AD006E8DC5 /* icon_recent@3x.png in Resources */,
				D4EB8B11226998AD006E8DC5 /* check_on@3x.png in Resources */,
				D4EB8AE7226998AD006E8DC5 /* icon_order_list@3x.png in Resources */,
				D4ACABA322DEE7D800212AD5 /* splash@3x.png in Resources */,
				D4ACABA422DEE7D800212AD5 /* splash@1x.png in Resources */,
				D4EB8AE9226998AD006E8DC5 /* btn_cscenter@3x.png in Resources */,
				D4EB8B12226998AD006E8DC5 /* my_pic_x3.png in Resources */,
				D4EB8B16226998AD006E8DC5 /* btn_update.png in Resources */,
				D4EB8B0B226998AD006E8DC5 /* icon_send_right@2x.png in Resources */,
				D4EB8AEE226998AD006E8DC5 /* btn_titlebar_search.png in Resources */,
				D4EB8B05226998AD006E8DC5 /* btn_titlebar_home@3x.png in Resources */,
				D4EB8ADA226998AD006E8DC5 /* icon_coupon.png in Resources */,
				D4EB8AD6226998AD006E8DC5 /* icon_cart.png in Resources */,
				D4EB8B06226998AD006E8DC5 /* my_pic.png in Resources */,
				D4EB8AF7226998AD006E8DC5 /* btn_titlebar_back@2x.png in Resources */,
				D4EB8AD9226998AD006E8DC5 /* btn_titlebar_search@2x.png in Resources */,
				D4EB8AD5226998AD006E8DC5 /* btn_pic@2x.png in Resources */,
				D4EB8AF5226998AD006E8DC5 /* logo.png in Resources */,
				D4EB8B09226998AD006E8DC5 /* btn_update@3x.png in Resources */,
				D4EB8ACB226998AD006E8DC5 /* image_loading_2.png in Resources */,
				D4DC76D2229F693100649F0A /* image_loading.gif in Resources */,
				D4ACABA222DEE7D800212AD5 /* splash@2x.png in Resources */,
				D4EB8ACA226998AD006E8DC5 /* btn_pic@3x.png in Resources */,
				D4EB8AF9226998AD006E8DC5 /* titleCancleIcon@2x.png in Resources */,
			);
			runOnlyForDeploymentPostprocessing = 0;
		};
/* End PBXResourcesBuildPhase section */

/* Begin PBXShellScriptBuildPhase section */
		99A24A82421635A5AF827E6C /* [CP] Check Pods Manifest.lock */ = {
			isa = PBXShellScriptBuildPhase;
			buildActionMask = 2147483647;
			files = (
			);
			inputFileListPaths = (
			);
			inputPaths = (
				"${PODS_PODFILE_DIR_PATH}/Podfile.lock",
				"${PODS_ROOT}/Manifest.lock",
			);
			name = "[CP] Check Pods Manifest.lock";
			outputFileListPaths = (
			);
			outputPaths = (
				"$(DERIVED_FILE_DIR)/Pods-eWelfare-checkManifestLockResult.txt",
			);
			runOnlyForDeploymentPostprocessing = 0;
			shellPath = /bin/sh;
			shellScript = "diff \"${PODS_PODFILE_DIR_PATH}/Podfile.lock\" \"${PODS_ROOT}/Manifest.lock\" > /dev/null\nif [ $? != 0 ] ; then\n    # print error to STDERR\n    echo \"error: The sandbox is not in sync with the Podfile.lock. Run 'pod install' or update your CocoaPods installation.\" >&2\n    exit 1\nfi\n# This output is used by Xcode 'outputs' to avoid re-running this script phase.\necho \"SUCCESS\" > \"${SCRIPT_OUTPUT_FILE_0}\"\n";
			showEnvVarsInLog = 0;
		};
		C05F9AD35478D708F5DA2D56 /* [CP] Embed Pods Frameworks */ = {
			isa = PBXShellScriptBuildPhase;
			buildActionMask = 2147483647;
			files = (
			);
			inputFileListPaths = (
			);
			inputPaths = (
				"${PODS_ROOT}/Target Support Files/Pods-eWelfare/Pods-eWelfare-frameworks.sh",
				"${BUILT_PRODUCTS_DIR}/Alamofire/Alamofire.framework",
				"${BUILT_PRODUCTS_DIR}/AlamofireObjectMapper/AlamofireObjectMapper.framework",
				"${BUILT_PRODUCTS_DIR}/GoogleUtilities/GoogleUtilities.framework",
				"${BUILT_PRODUCTS_DIR}/ObjectMapper/ObjectMapper.framework",
				"${BUILT_PRODUCTS_DIR}/Protobuf/Protobuf.framework",
				"${BUILT_PRODUCTS_DIR}/SDWebImage/SDWebImage.framework",
				"${BUILT_PRODUCTS_DIR}/SideMenu/SideMenu.framework",
				"${BUILT_PRODUCTS_DIR}/SwiftGifOrigin/SwiftGifOrigin.framework",
				"${BUILT_PRODUCTS_DIR}/SwiftyJSON/SwiftyJSON.framework",
				"${BUILT_PRODUCTS_DIR}/nanopb/nanopb.framework",
			);
			name = "[CP] Embed Pods Frameworks";
			outputFileListPaths = (
			);
			outputPaths = (
				"${TARGET_BUILD_DIR}/${FRAMEWORKS_FOLDER_PATH}/Alamofire.framework",
				"${TARGET_BUILD_DIR}/${FRAMEWORKS_FOLDER_PATH}/AlamofireObjectMapper.framework",
				"${TARGET_BUILD_DIR}/${FRAMEWORKS_FOLDER_PATH}/GoogleUtilities.framework",
				"${TARGET_BUILD_DIR}/${FRAMEWORKS_FOLDER_PATH}/ObjectMapper.framework",
				"${TARGET_BUILD_DIR}/${FRAMEWORKS_FOLDER_PATH}/Protobuf.framework",
				"${TARGET_BUILD_DIR}/${FRAMEWORKS_FOLDER_PATH}/SDWebImage.framework",
				"${TARGET_BUILD_DIR}/${FRAMEWORKS_FOLDER_PATH}/SideMenu.framework",
				"${TARGET_BUILD_DIR}/${FRAMEWORKS_FOLDER_PATH}/SwiftGifOrigin.framework",
				"${TARGET_BUILD_DIR}/${FRAMEWORKS_FOLDER_PATH}/SwiftyJSON.framework",
				"${TARGET_BUILD_DIR}/${FRAMEWORKS_FOLDER_PATH}/nanopb.framework",
			);
			runOnlyForDeploymentPostprocessing = 0;
			shellPath = /bin/sh;
			shellScript = "\"${PODS_ROOT}/Target Support Files/Pods-eWelfare/Pods-eWelfare-frameworks.sh\"\n";
			showEnvVarsInLog = 0;
		};
/* End PBXShellScriptBuildPhase section */

/* Begin PBXSourcesBuildPhase section */
		D4001CF9221C1D6F00080EB2 /* Sources */ = {
			isa = PBXSourcesBuildPhase;
			buildActionMask = 2147483647;
			files = (
				D4001D39221CDD7300080EB2 /* AlamofireHelper.swift in Sources */,
				D427479F2278656500B2F7F1 /* SideMenuProtocol.swift in Sources */,
				D4001D03221C1D6F00080EB2 /* MainVController.swift in Sources */,
				D4B99B5B22640E21008EDD98 /* SideMenuCollectionVCell.swift in Sources */,
				D4C4340822561D490042AD1F /* ExtAlert.swift in Sources */,
				D4001D1B221C1E7B00080EB2 /* AppManager.swift in Sources */,
				D4C4340F2256214B0042AD1F /* LoginVController.swift in Sources */,
				D4001D19221C1E2300080EB2 /* BaseVController.swift in Sources */,
				D4001D21221C1EE600080EB2 /* MainPresenter.swift in Sources */,
				D4C4340322561CDA0042AD1F /* ResLogin.swift in Sources */,
				D4C4340C22561D970042AD1F /* ValidHelper.swift in Sources */,
				D4C433FF22561BA20042AD1F /* SplashVController.swift in Sources */,
				D4001D1F221C1EDB00080EB2 /* MainModel.swift in Sources */,
				D405FC4D225DA5A300FBCB58 /* ResMenu.swift in Sources */,
				D4C82383222528AE001A2DC8 /* FcmHelper.swift in Sources */,
				D4DD19F82255218E006FAF33 /* SettingVController.swift in Sources */,
				D4C4340522561CFA0042AD1F /* ResConfig.swift in Sources */,
				D405FC70225EE83700FBCB58 /* ImageLoadingPopup.swift in Sources */,
				D4B99B6C22644A8B008EDD98 /* SideMenuCollectionRView.swift in Sources */,
				D4001D1D221C1E8600080EB2 /* AccountManager.swift in Sources */,
				D4001D01221C1D6F00080EB2 /* AppDelegate.swift in Sources */,
				D4C4340A22561D7B0042AD1F /* UIViewHelper.swift in Sources */,
				D4C4340122561CBE0042AD1F /* ResResult.swift in Sources */,
				D405FC50225DA7CE00FBCB58 /* SideMenuVController.swift in Sources */,
				D4DC76C2229D3E1800649F0A /* AddressWebVController.swift in Sources */,
				D4001D29221C26ED00080EB2 /* OtherWebVController.swift in Sources */,
				D405FC4B225DA59900FBCB58 /* ResUser.swift in Sources */,
				D4001D15221C1DF300080EB2 /* WDefine.swift in Sources */,
			);
			runOnlyForDeploymentPostprocessing = 0;
		};
/* End PBXSourcesBuildPhase section */

/* Begin PBXVariantGroup section */
		D4001D04221C1D6F00080EB2 /* Main.storyboard */ = {
			isa = PBXVariantGroup;
			children = (
				D4001D05221C1D6F00080EB2 /* Base */,
			);
			name = Main.storyboard;
			sourceTree = "<group>";
		};
		D4001D09221C1D7100080EB2 /* LaunchScreen.storyboard */ = {
			isa = PBXVariantGroup;
			children = (
				D4001D0A221C1D7100080EB2 /* Base */,
			);
			name = LaunchScreen.storyboard;
			sourceTree = "<group>";
		};
/* End PBXVariantGroup section */

/* Begin XCBuildConfiguration section */
		D4001D0D221C1D7100080EB2 /* Debug */ = {
			isa = XCBuildConfiguration;
			buildSettings = {
				ALWAYS_SEARCH_USER_PATHS = NO;
				CLANG_ANALYZER_NONNULL = YES;
				CLANG_ANALYZER_NUMBER_OBJECT_CONVERSION = YES_AGGRESSIVE;
				CLANG_CXX_LANGUAGE_STANDARD = "gnu++14";
				CLANG_CXX_LIBRARY = "libc++";
				CLANG_ENABLE_MODULES = YES;
				CLANG_ENABLE_OBJC_ARC = YES;
				CLANG_ENABLE_OBJC_WEAK = YES;
				CLANG_WARN_BLOCK_CAPTURE_AUTORELEASING = YES;
				CLANG_WARN_BOOL_CONVERSION = YES;
				CLANG_WARN_COMMA = YES;
				CLANG_WARN_CONSTANT_CONVERSION = YES;
				CLANG_WARN_DEPRECATED_OBJC_IMPLEMENTATIONS = YES;
				CLANG_WARN_DIRECT_OBJC_ISA_USAGE = YES_ERROR;
				CLANG_WARN_DOCUMENTATION_COMMENTS = YES;
				CLANG_WARN_EMPTY_BODY = YES;
				CLANG_WARN_ENUM_CONVERSION = YES;
				CLANG_WARN_INFINITE_RECURSION = YES;
				CLANG_WARN_INT_CONVERSION = YES;
				CLANG_WARN_NON_LITERAL_NULL_CONVERSION = YES;
				CLANG_WARN_OBJC_IMPLICIT_RETAIN_SELF = YES;
				CLANG_WARN_OBJC_LITERAL_CONVERSION = YES;
				CLANG_WARN_OBJC_ROOT_CLASS = YES_ERROR;
				CLANG_WARN_RANGE_LOOP_ANALYSIS = YES;
				CLANG_WARN_STRICT_PROTOTYPES = YES;
				CLANG_WARN_SUSPICIOUS_MOVE = YES;
				CLANG_WARN_UNGUARDED_AVAILABILITY = YES_AGGRESSIVE;
				CLANG_WARN_UNREACHABLE_CODE = YES;
				CLANG_WARN__DUPLICATE_METHOD_MATCH = YES;
				CODE_SIGN_IDENTITY = "iPhone Developer";
				COPY_PHASE_STRIP = NO;
				DEBUG_INFORMATION_FORMAT = dwarf;
				ENABLE_STRICT_OBJC_MSGSEND = YES;
				ENABLE_TESTABILITY = YES;
				GCC_C_LANGUAGE_STANDARD = gnu11;
				GCC_DYNAMIC_NO_PIC = NO;
				GCC_NO_COMMON_BLOCKS = YES;
				GCC_OPTIMIZATION_LEVEL = 0;
				GCC_PREPROCESSOR_DEFINITIONS = (
					"DEBUG=1",
					"$(inherited)",
				);
				GCC_WARN_64_TO_32_BIT_CONVERSION = YES;
				GCC_WARN_ABOUT_RETURN_TYPE = YES_ERROR;
				GCC_WARN_UNDECLARED_SELECTOR = YES;
				GCC_WARN_UNINITIALIZED_AUTOS = YES_AGGRESSIVE;
				GCC_WARN_UNUSED_FUNCTION = YES;
				GCC_WARN_UNUSED_VARIABLE = YES;
				IPHONEOS_DEPLOYMENT_TARGET = 12.1;
				MTL_ENABLE_DEBUG_INFO = INCLUDE_SOURCE;
				MTL_FAST_MATH = YES;
				ONLY_ACTIVE_ARCH = YES;
				SDKROOT = iphoneos;
				SWIFT_ACTIVE_COMPILATION_CONDITIONS = DEBUG;
				SWIFT_OPTIMIZATION_LEVEL = "-Onone";
			};
			name = Debug;
		};
		D4001D0E221C1D7100080EB2 /* Release */ = {
			isa = XCBuildConfiguration;
			buildSettings = {
				ALWAYS_SEARCH_USER_PATHS = NO;
				CLANG_ANALYZER_NONNULL = YES;
				CLANG_ANALYZER_NUMBER_OBJECT_CONVERSION = YES_AGGRESSIVE;
				CLANG_CXX_LANGUAGE_STANDARD = "gnu++14";
				CLANG_CXX_LIBRARY = "libc++";
				CLANG_ENABLE_MODULES = YES;
				CLANG_ENABLE_OBJC_ARC = YES;
				CLANG_ENABLE_OBJC_WEAK = YES;
				CLANG_WARN_BLOCK_CAPTURE_AUTORELEASING = YES;
				CLANG_WARN_BOOL_CONVERSION = YES;
				CLANG_WARN_COMMA = YES;
				CLANG_WARN_CONSTANT_CONVERSION = YES;
				CLANG_WARN_DEPRECATED_OBJC_IMPLEMENTATIONS = YES;
				CLANG_WARN_DIRECT_OBJC_ISA_USAGE = YES_ERROR;
				CLANG_WARN_DOCUMENTATION_COMMENTS = YES;
				CLANG_WARN_EMPTY_BODY = YES;
				CLANG_WARN_ENUM_CONVERSION = YES;
				CLANG_WARN_INFINITE_RECURSION = YES;
				CLANG_WARN_INT_CONVERSION = YES;
				CLANG_WARN_NON_LITERAL_NULL_CONVERSION = YES;
				CLANG_WARN_OBJC_IMPLICIT_RETAIN_SELF = YES;
				CLANG_WARN_OBJC_LITERAL_CONVERSION = YES;
				CLANG_WARN_OBJC_ROOT_CLASS = YES_ERROR;
				CLANG_WARN_RANGE_LOOP_ANALYSIS = YES;
				CLANG_WARN_STRICT_PROTOTYPES = YES;
				CLANG_WARN_SUSPICIOUS_MOVE = YES;
				CLANG_WARN_UNGUARDED_AVAILABILITY = YES_AGGRESSIVE;
				CLANG_WARN_UNREACHABLE_CODE = YES;
				CLANG_WARN__DUPLICATE_METHOD_MATCH = YES;
				CODE_SIGN_IDENTITY = "iPhone Developer";
				COPY_PHASE_STRIP = NO;
				DEBUG_INFORMATION_FORMAT = "dwarf-with-dsym";
				ENABLE_NS_ASSERTIONS = NO;
				ENABLE_STRICT_OBJC_MSGSEND = YES;
				GCC_C_LANGUAGE_STANDARD = gnu11;
				GCC_NO_COMMON_BLOCKS = YES;
				GCC_WARN_64_TO_32_BIT_CONVERSION = YES;
				GCC_WARN_ABOUT_RETURN_TYPE = YES_ERROR;
				GCC_WARN_UNDECLARED_SELECTOR = YES;
				GCC_WARN_UNINITIALIZED_AUTOS = YES_AGGRESSIVE;
				GCC_WARN_UNUSED_FUNCTION = YES;
				GCC_WARN_UNUSED_VARIABLE = YES;
				IPHONEOS_DEPLOYMENT_TARGET = 12.1;
				MTL_ENABLE_DEBUG_INFO = NO;
				MTL_FAST_MATH = YES;
				SDKROOT = iphoneos;
				SWIFT_COMPILATION_MODE = wholemodule;
				SWIFT_OPTIMIZATION_LEVEL = "-O";
				VALIDATE_PRODUCT = YES;
			};
			name = Release;
		};
		D4001D10221C1D7100080EB2 /* Debug */ = {
			isa = XCBuildConfiguration;
			baseConfigurationReference = F18BDBD75A7F51F938C95170 /* Pods-eWelfare.debug.xcconfig */;
			buildSettings = {
				ASSETCATALOG_COMPILER_APPICON_NAME = AppIcon;
				CODE_SIGN_ENTITLEMENTS = eWelfare/eWelfare.entitlements;
				CODE_SIGN_STYLE = Automatic;
				DEVELOPMENT_TEAM = RJF44MM27H;
				INFOPLIST_FILE = "$(SRCROOT)/eWelfare/Info.plist";
				IPHONEOS_DEPLOYMENT_TARGET = 10.0;
				LD_RUNPATH_SEARCH_PATHS = (
					"$(inherited)",
					"@executable_path/Frameworks",
				);
				PRODUCT_BUNDLE_IDENTIFIER = com.ewelfare.ebokji;
				PRODUCT_NAME = "$(TARGET_NAME)";
				SWIFT_VERSION = 4.2;
				TARGETED_DEVICE_FAMILY = 1;
			};
			name = Debug;
		};
		D4001D11221C1D7100080EB2 /* Release */ = {
			isa = XCBuildConfiguration;
			baseConfigurationReference = 3D285EA7314C338D1CCA6358 /* Pods-eWelfare.release.xcconfig */;
			buildSettings = {
				ASSETCATALOG_COMPILER_APPICON_NAME = AppIcon;
				CODE_SIGN_ENTITLEMENTS = eWelfare/eWelfare.entitlements;
				CODE_SIGN_STYLE = Automatic;
				DEVELOPMENT_TEAM = RJF44MM27H;
				INFOPLIST_FILE = "$(SRCROOT)/eWelfare/Info.plist";
				IPHONEOS_DEPLOYMENT_TARGET = 10.0;
				LD_RUNPATH_SEARCH_PATHS = (
					"$(inherited)",
					"@executable_path/Frameworks",
				);
				PRODUCT_BUNDLE_IDENTIFIER = com.ewelfare.ebokji;
				PRODUCT_NAME = "$(TARGET_NAME)";
				SWIFT_VERSION = 4.2;
				TARGETED_DEVICE_FAMILY = 1;
			};
			name = Release;
		};
/* End XCBuildConfiguration section */

/* Begin XCConfigurationList section */
		D4001CF8221C1D6F00080EB2 /* Build configuration list for PBXProject "eWelfare" */ = {
			isa = XCConfigurationList;
			buildConfigurations = (
				D4001D0D221C1D7100080EB2 /* Debug */,
				D4001D0E221C1D7100080EB2 /* Release */,
			);
			defaultConfigurationIsVisible = 0;
			defaultConfigurationName = Release;
		};
		D4001D0F221C1D7100080EB2 /* Build configuration list for PBXNativeTarget "eWelfare" */ = {
			isa = XCConfigurationList;
			buildConfigurations = (
				D4001D10221C1D7100080EB2 /* Debug */,
				D4001D11221C1D7100080EB2 /* Release */,
			);
			defaultConfigurationIsVisible = 0;
			defaultConfigurationName = Release;
		};
/* End XCConfigurationList section */
	};
	rootObject = D4001CF5221C1D6F00080EB2 /* Project object */;
}
